
Microsoft Visual Studio Solution File, Format Version 12.00
# Visual Studio Version 17
VisualStudioVersion = 17.1.32407.343
MinimumVisualStudioVersion = 10.0.40219.1
Project("{9A19103F-16F7-4668-BE54-9A1E7A4F7556}") = "Vehicle", "Inheritance_Demo\Vehicle.csproj", "{0B7D08BF-FFD2-4FA8-83FA-E07FD3AEC47A}"
EndProject
Project("{9A19103F-16F7-4668-BE54-9A1E7A4F7556}") = "Games", "Games\Games.csproj", "{EE9E0757-69C7-4D36-90DC-381B1BEB423B}"
EndProject
Project("{9A19103F-16F7-4668-BE54-9A1E7A4F7556}") = "People", "People\People.csproj", "{2279E486-BFAD-4608-8F63-79EEABF87350}"
EndProject
Global
	GlobalSection(SolutionConfigurationPlatforms) = preSolution
		Debug|Any CPU = Debug|Any CPU
		Release|Any CPU = Release|Any CPU
	EndGlobalSection
	GlobalSection(ProjectConfigurationPlatforms) = postSolution
		{0B7D08BF-FFD2-4FA8-83FA-E07FD3AEC47A}.Debug|Any CPU.ActiveCfg = Debug|Any CPU
		{0B7D08BF-FFD2-4FA8-83FA-E07FD3AEC47A}.Debug|Any CPU.Build.0 = Debug|Any CPU
		{0B7D08BF-FFD2-4FA8-83FA-E07FD3AEC47A}.Release|Any CPU.ActiveCfg = Release|Any CPU
		{0B7D08BF-FFD2-4FA8-83FA-E07FD3AEC47A}.Release|Any CPU.Build.0 = Release|Any CPU
		{EE9E0757-69C7-4D36-90DC-381B1BEB423B}.Debug|Any CPU.ActiveCfg = Debug|Any CPU
		{EE9E0757-69C7-4D36-90DC-381B1BEB423B}.Debug|Any CPU.Build.0 = Debug|Any CPU
		{EE9E0757-69C7-4D36-90DC-381B1BEB423B}.Release|Any CPU.ActiveCfg = Release|Any CPU
		{EE9E0757-69C7-4D36-90DC-381B1BEB423B}.Release|Any CPU.Build.0 = Release|Any CPU
		{2279E486-BFAD-4608-8F63-79EEABF87350}.Debug|Any CPU.ActiveCfg = Debug|Any CPU
		{2279E486-BFAD-4608-8F63-79EEABF87350}.Debug|Any CPU.Build.0 = Debug|Any CPU
		{2279E486-BFAD-4608-8F63-79EEABF87350}.Release|Any CPU.ActiveCfg = Release|Any CPU
		{2279E486-BFAD-4608-8F63-79EEABF87350}.Release|Any CPU.Build.0 = Release|Any CPU
	EndGlobalSection
	GlobalSection(SolutionProperties) = preSolution
		HideSolutionNode = FALSE
	EndGlobalSection
	GlobalSection(ExtensibilityGlobals) = postSolution
		SolutionGuid = {A7D22D06-D3FC-4D02-ABFC-8C662DDC34F1}
	EndGlobalSection
EndGlobal
